
Microsoft Visual Studio Solution File, Format Version 12.00
# Visual Studio 15
VisualStudioVersion = 15.0.27428.2043
MinimumVisualStudioVersion = 10.0.40219.1
Project("{8BC9CEB8-8B4A-11D0-8D11-00A0C91BC942}") = "watcher", "src\watcher\watcher.vcxproj", "{DB2A96BA-0101-4462-A586-2435A7F03FDC}"
	ProjectSection(ProjectDependencies) = postProject
		{B146900D-470F-4035-B8B9-7A7D1D709F9E} = {B146900D-470F-4035-B8B9-7A7D1D709F9E}
		{1E0D6050-D5D8-47BF-A40C-E1659CCF39B3} = {1E0D6050-D5D8-47BF-A40C-E1659CCF39B3}
		{C94FBC6B-D606-4B89-B628-3A0C9BA7FC5C} = {C94FBC6B-D606-4B89-B628-3A0C9BA7FC5C}
		{EAACEE98-823E-4458-BCC8-4C1BCC3EC053} = {EAACEE98-823E-4458-BCC8-4C1BCC3EC053}
		{204188AF-4BA6-4F28-863B-F371B812E67F} = {204188AF-4BA6-4F28-863B-F371B812E67F}
		{A57659C9-B734-4CEE-85F1-16D4D7D84293} = {A57659C9-B734-4CEE-85F1-16D4D7D84293}
	EndProjectSection
EndProject
Project("{8BC9CEB8-8B4A-11D0-8D11-00A0C91BC942}") = "geolocation", "src\geolocation\geolocation.vcxproj", "{EAACEE98-823E-4458-BCC8-4C1BCC3EC053}"
	ProjectSection(ProjectDependencies) = postProject
		{B146900D-470F-4035-B8B9-7A7D1D709F9E} = {B146900D-470F-4035-B8B9-7A7D1D709F9E}
	EndProjectSection
EndProject
Project("{8BC9CEB8-8B4A-11D0-8D11-00A0C91BC942}") = "watcher_shared", "src\watcher_shared\watcher_shared.vcxproj", "{B146900D-470F-4035-B8B9-7A7D1D709F9E}"
EndProject
Project("{8BC9CEB8-8B4A-11D0-8D11-00A0C91BC942}") = "portscanner", "src\portscanner\portscanner.vcxproj", "{C94FBC6B-D606-4B89-B628-3A0C9BA7FC5C}"
	ProjectSection(ProjectDependencies) = postProject
		{B146900D-470F-4035-B8B9-7A7D1D709F9E} = {B146900D-470F-4035-B8B9-7A7D1D709F9E}
	EndProjectSection
EndProject
Project("{8BC9CEB8-8B4A-11D0-8D11-00A0C91BC942}") = "httpcameradetector", "src\httpcameradetector\httpcameradetector.vcxproj", "{204188AF-4BA6-4F28-863B-F371B812E67F}"
	ProjectSection(ProjectDependencies) = postProject
		{B146900D-470F-4035-B8B9-7A7D1D709F9E} = {B146900D-470F-4035-B8B9-7A7D1D709F9E}
	EndProjectSection
EndProject
Project("{8BC9CEB8-8B4A-11D0-8D11-00A0C91BC942}") = "googlesearch", "src\googlesearch\googlesearch.vcxproj", "{A57659C9-B734-4CEE-85F1-16D4D7D84293}"
	ProjectSection(ProjectDependencies) = postProject
		{B146900D-470F-4035-B8B9-7A7D1D709F9E} = {B146900D-470F-4035-B8B9-7A7D1D709F9E}
	EndProjectSection
EndProject
Project("{8BC9CEB8-8B4A-11D0-8D11-00A0C91BC942}") = "codecmjpeg", "src\codecmjpeg\codecmjpeg.vcxproj", "{1E0D6050-D5D8-47BF-A40C-E1659CCF39B3}"
	ProjectSection(ProjectDependencies) = postProject
		{B146900D-470F-4035-B8B9-7A7D1D709F9E} = {B146900D-470F-4035-B8B9-7A7D1D709F9E}
	EndProjectSection
EndProject
Global
	GlobalSection(SolutionConfigurationPlatforms) = preSolution
		Debug|x64 = Debug|x64
		Debug|x86 = Debug|x86
		Release|x64 = Release|x64
		Release|x86 = Release|x86
	EndGlobalSection
	GlobalSection(ProjectConfigurationPlatforms) = postSolution
		{DB2A96BA-0101-4462-A586-2435A7F03FDC}.Debug|x64.ActiveCfg = Debug|Win32
		{DB2A96BA-0101-4462-A586-2435A7F03FDC}.Debug|x86.ActiveCfg = Debug|Win32
		{DB2A96BA-0101-4462-A586-2435A7F03FDC}.Debug|x86.Build.0 = Debug|Win32
		{DB2A96BA-0101-4462-A586-2435A7F03FDC}.Release|x64.ActiveCfg = Release|Win32
		{DB2A96BA-0101-4462-A586-2435A7F03FDC}.Release|x86.ActiveCfg = Release|Win32
		{DB2A96BA-0101-4462-A586-2435A7F03FDC}.Release|x86.Build.0 = Release|Win32
		{EAACEE98-823E-4458-BCC8-4C1BCC3EC053}.Debug|x64.ActiveCfg = Debug|Win32
		{EAACEE98-823E-4458-BCC8-4C1BCC3EC053}.Debug|x86.ActiveCfg = Debug|Win32
		{EAACEE98-823E-4458-BCC8-4C1BCC3EC053}.Debug|x86.Build.0 = Debug|Win32
		{EAACEE98-823E-4458-BCC8-4C1BCC3EC053}.Release|x64.ActiveCfg = Release|Win32
		{EAACEE98-823E-4458-BCC8-4C1BCC3EC053}.Release|x86.ActiveCfg = Release|Win32
		{EAACEE98-823E-4458-BCC8-4C1BCC3EC053}.Release|x86.Build.0 = Release|Win32
		{B146900D-470F-4035-B8B9-7A7D1D709F9E}.Debug|x64.ActiveCfg = Debug|Win32
		{B146900D-470F-4035-B8B9-7A7D1D709F9E}.Debug|x86.ActiveCfg = Debug|Win32
		{B146900D-470F-4035-B8B9-7A7D1D709F9E}.Debug|x86.Build.0 = Debug|Win32
		{B146900D-470F-4035-B8B9-7A7D1D709F9E}.Release|x64.ActiveCfg = Release|Win32
		{B146900D-470F-4035-B8B9-7A7D1D709F9E}.Release|x86.ActiveCfg = Release|Win32
		{B146900D-470F-4035-B8B9-7A7D1D709F9E}.Release|x86.Build.0 = Release|Win32
		{C94FBC6B-D606-4B89-B628-3A0C9BA7FC5C}.Debug|x64.ActiveCfg = Debug|x64
		{C94FBC6B-D606-4B89-B628-3A0C9BA7FC5C}.Debug|x64.Build.0 = Debug|x64
		{C94FBC6B-D606-4B89-B628-3A0C9BA7FC5C}.Debug|x86.ActiveCfg = Debug|Win32
		{C94FBC6B-D606-4B89-B628-3A0C9BA7FC5C}.Debug|x86.Build.0 = Debug|Win32
		{C94FBC6B-D606-4B89-B628-3A0C9BA7FC5C}.Release|x64.ActiveCfg = Release|x64
		{C94FBC6B-D606-4B89-B628-3A0C9BA7FC5C}.Release|x64.Build.0 = Release|x64
		{C94FBC6B-D606-4B89-B628-3A0C9BA7FC5C}.Release|x86.ActiveCfg = Release|Win32
		{C94FBC6B-D606-4B89-B628-3A0C9BA7FC5C}.Release|x86.Build.0 = Release|Win32
		{204188AF-4BA6-4F28-863B-F371B812E67F}.Debug|x64.ActiveCfg = Debug|x64
		{204188AF-4BA6-4F28-863B-F371B812E67F}.Debug|x64.Build.0 = Debug|x64
		{204188AF-4BA6-4F28-863B-F371B812E67F}.Debug|x86.ActiveCfg = Debug|Win32
		{204188AF-4BA6-4F28-863B-F371B812E67F}.Debug|x86.Build.0 = Debug|Win32
		{204188AF-4BA6-4F28-863B-F371B812E67F}.Release|x64.ActiveCfg = Release|x64
		{204188AF-4BA6-4F28-863B-F371B812E67F}.Release|x64.Build.0 = Release|x64
		{204188AF-4BA6-4F28-863B-F371B812E67F}.Release|x86.ActiveCfg = Release|Win32
		{204188AF-4BA6-4F28-863B-F371B812E67F}.Release|x86.Build.0 = Release|Win32
		{A57659C9-B734-4CEE-85F1-16D4D7D84293}.Debug|x64.ActiveCfg = Debug|x64
		{A57659C9-B734-4CEE-85F1-16D4D7D84293}.Debug|x64.Build.0 = Debug|x64
		{A57659C9-B734-4CEE-85F1-16D4D7D84293}.Debug|x86.ActiveCfg = Debug|Win32
		{A57659C9-B734-4CEE-85F1-16D4D7D84293}.Debug|x86.Build.0 = Debug|Win32
		{A57659C9-B734-4CEE-85F1-16D4D7D84293}.Release|x64.ActiveCfg = Release|x64
		{A57659C9-B734-4CEE-85F1-16D4D7D84293}.Release|x64.Build.0 = Release|x64
		{A57659C9-B734-4CEE-85F1-16D4D7D84293}.Release|x86.ActiveCfg = Release|Win32
		{A57659C9-B734-4CEE-85F1-16D4D7D84293}.Release|x86.Build.0 = Release|Win32
		{1E0D6050-D5D8-47BF-A40C-E1659CCF39B3}.Debug|x64.ActiveCfg = Debug|x64
		{1E0D6050-D5D8-47BF-A40C-E1659CCF39B3}.Debug|x64.Build.0 = Debug|x64
		{1E0D6050-D5D8-47BF-A40C-E1659CCF39B3}.Debug|x86.ActiveCfg = Debug|Win32
		{1E0D6050-D5D8-47BF-A40C-E1659CCF39B3}.Debug|x86.Build.0 = Debug|Win32
		{1E0D6050-D5D8-47BF-A40C-E1659CCF39B3}.Release|x64.ActiveCfg = Release|x64
		{1E0D6050-D5D8-47BF-A40C-E1659CCF39B3}.Release|x64.Build.0 = Release|x64
		{1E0D6050-D5D8-47BF-A40C-E1659CCF39B3}.Release|x86.ActiveCfg = Release|Win32
		{1E0D6050-D5D8-47BF-A40C-E1659CCF39B3}.Release|x86.Build.0 = Release|Win32
	EndGlobalSection
	GlobalSection(SolutionProperties) = preSolution
		HideSolutionNode = FALSE
	EndGlobalSection
	GlobalSection(ExtensibilityGlobals) = postSolution
		SolutionGuid = {32F68C80-5FA0-440E-95D2-CBDAD61A9ACC}
	EndGlobalSection
EndGlobal
