<?xml version="1.0" encoding="utf-8"?>
<Project ToolsVersion="4.0" xmlns="http://schemas.microsoft.com/developer/msbuild/2003">
  <ItemGroup>
    <ClCompile Include="configuration.cpp" />
    <ClCompile Include="geo_info.cpp" />
    <ClCompile Include="main.cpp" />
    <ClCompile Include="watcher.cpp" />
    <ClCompile Include="watcher_rep.cpp" />
    <ClCompile Include="ext\sqlite\sqlite3.c">
      <Filter>ext\sqlite</Filter>
    </ClCompile>
    <ClCompile Include="atlas\atlas.cpp">
      <Filter>atlas</Filter>
    </ClCompile>
    <ClCompile Include="plugin_manager.cpp" />
    <ClCompile Include="log.cpp" />
    <ClCompile Include="database\database.cpp">
      <Filter>database</Filter>
    </ClCompile>
    <ClCompile Include="database\prepared_statement.cpp">
      <Filter>database</Filter>
    </ClCompile>
    <ClCompile Include="atlas\tile_streamer.cpp">
      <Filter>atlas</Filter>
    </ClCompile>
    <ClCompile Include="atlas\tile.cpp">
      <Filter>atlas</Filter>
    </ClCompile>
    <ClCompile Include="texture_loader.cpp" />
    <ClCompile Include="filesystem.cpp" />
    <ClCompile Include="database\query_result.cpp">
      <Filter>database</Filter>
    </ClCompile>
  </ItemGroup>
  <ItemGroup>
    <Filter Include="ext">
      <UniqueIdentifier>{6e3f66dd-35b8-47f3-bcd3-23f6e12531f1}</UniqueIdentifier>
    </Filter>
    <Filter Include="ext\sqlite">
      <UniqueIdentifier>{786d36b5-9ffd-46e6-803f-fe7487a52e34}</UniqueIdentifier>
    </Filter>
    <Filter Include="atlas">
      <UniqueIdentifier>{d2fa59ad-5c7e-465c-9132-431688af48b7}</UniqueIdentifier>
    </Filter>
    <Filter Include="database">
      <UniqueIdentifier>{6185a3f2-6956-4fd1-92ad-3e0299894968}</UniqueIdentifier>
    </Filter>
  </ItemGroup>
  <ItemGroup>
    <ClInclude Include="configuration.h" />
    <ClInclude Include="geo_info.h" />
    <ClInclude Include="render.h" />
    <ClInclude Include="watcher.h" />
    <ClInclude Include="watcher_rep.h" />
    <ClInclude Include="ext\sqlite\sqlite3.h">
      <Filter>ext\sqlite</Filter>
    </ClInclude>
    <ClInclude Include="ext\json.h">
      <Filter>ext</Filter>
    </ClInclude>
    <ClInclude Include="atlas\atlas.h">
      <Filter>atlas</Filter>
    </ClInclude>
    <ClInclude Include="plugin.h" />
    <ClInclude Include="plugin_manager.h" />
    <ClInclude Include="log.h" />
    <ClInclude Include="database\database.h">
      <Filter>database</Filter>
    </ClInclude>
    <ClInclude Include="database\prepared_statement.h">
      <Filter>database</Filter>
    </ClInclude>
    <ClInclude Include="database\query_result.h">
      <Filter>database</Filter>
    </ClInclude>
    <ClInclude Include="atlas\tile_streamer.h">
      <Filter>atlas</Filter>
    </ClInclude>
    <ClInclude Include="atlas\tile.h">
      <Filter>atlas</Filter>
    </ClInclude>
    <ClInclude Include="texture_loader.h" />
    <ClInclude Include="filesystem.h" />
    <ClInclude Include="camera.h" />
  </ItemGroup>
</Project>